{
  "version": 4,
  "terraform_version": "1.9.5",
  "serial": 29,
  "lineage": "572e0577-76b4-e411-eecc-456d48b68367",
  "outputs": {},
  "resources": [
    {
      "mode": "managed",
      "type": "azurerm_linux_virtual_machine",
      "name": "ktc-vm",
      "provider": "provider[\"registry.terraform.io/hashicorp/azurerm\"]",
      "instances": [
        {
          "schema_version": 0,
          "attributes": {
            "additional_capabilities": [],
            "admin_password": null,
            "admin_ssh_key": [
              {
                "public_key": "ssh-rsa AAAAB3NzaC1yc2EAAAADAQABAAABgQCpAi9eWpLK6V7a+gFxfnNfLUwPw9sZM/yLI8AwRMfG530Wfnh3BTQZE0CEKOlKYDK/Lz8ah2WmoVFiCKD9MGeVjT8bQ369nssnij9EpjdNSRt+M3gMViUwZ4QJO7oAG4vdMX580zexk2cBMnsXoWjdavTYe1wuN1ccskU7l08klyjYyd+tWt+gVNrw5XaGr9O8C01uaFSKkQZQu6Cpx9cwSrcKFFYwwpq3SFH2ccuiql5vFzI9EV7LTYHb/8PmKEQYCW7He9AkfpudjJZ2eF58B+vuHAxxZuRqZf4GHwJRrcohe8bIZpe3NVo6mFqYXNCR/OKlAzPVR71U9UumFXA+Aj0680GH1N/fnseBVzdiqZ+hKdoSnzaq1UdpJQa1CfLuyOJ1rk423+rZ1avkyRxgu+BJCG0jIDBo9QF4bwK5KTTewTyW5Rh3O3P82aplo3PqC7PXrx4re1FnFRVNf+RAI1Vprm2gpc/o4WviYBUt9AJmtZk2TGY2f4mV5wpDmHc= aziz_@sigmazenbook11\r\n",
                "username": "adminuser"
              }
            ],
            "admin_username": "adminuser",
            "allow_extension_operations": true,
            "availability_set_id": "",
            "boot_diagnostics": [],
            "bypass_platform_safety_checks_on_user_schedule_enabled": false,
            "capacity_reservation_group_id": "",
            "computer_name": "mtc-vm",
            "custom_data": "IyEvYmluL2Jhc2gNCnN1ZG8gYXB0LWdldCB1cGRhdGUgLXkgJiYNCnN1ZG8gYXB0LWdldCBpbnN0YWxsIC15IFwNCmFwdC10cmFuc3BvcnQtaHR0cHMgXA0KY2EtY2VydGlmaWNhdGlvbiBcIA0KY3VybCBcDQpnbnVwZy1hZ2VudCBcDQpzb2Z0d2FyZS1wcm9wZXJ0aWVzLWNvbW1vbiAmJiANCmN1cmwgLWZzU0wgaHR0cHM6Ly9kb3dubG9hZC5kb2NrZXIuY29tL2xpbnV4L3VidW50dS9ncGcgfCBzdWRvIGFwdC1rZXkgYWRkIC0gJiYNCnN1ZG8gYWRkLWFwdC1yZXBvc2l0b3J5ICJkZWIgW2FyY2g9YW1kNjRdIGh0dHBzOi8vZG93bmxvYWQuZG9ja2VyLmNvbS9saW51eC91YnVudHUgJChsc2JfcmVsZWFzZSAtY3MpIHN0YWJsZSIgJiYNCnN1ZG8gYXB0LWdldCB1cGRhdGUgLXkgJiYgDQpzdWRvIHN1ZG8gYXB0LWdldCBpbnN0YWxsIGRvY2tlci1jZSBkb2NrZXItY2UtY2xpIGNvbnRhaW5lcmQuaW8gLXkgJiYNCnN1ZG8gdXNlcm1vZGUgLWFHIGRvY2tlciB1YnVudHU=",
            "dedicated_host_group_id": "",
            "dedicated_host_id": "",
            "disable_password_authentication": true,
            "disk_controller_type": "",
            "edge_zone": "",
            "encryption_at_host_enabled": false,
            "eviction_policy": "",
            "extensions_time_budget": "PT1H30M",
            "gallery_application": [],
            "id": "/subscriptions/962d6403-6d94-4df8-9a25-1a03d9103dfa/resourceGroups/ntc-resources/providers/Microsoft.Compute/virtualMachines/mtc-vm",
            "identity": [],
            "license_type": "",
            "location": "eastus",
            "max_bid_price": -1,
            "name": "mtc-vm",
            "network_interface_ids": [
              "/subscriptions/962d6403-6d94-4df8-9a25-1a03d9103dfa/resourceGroups/ntc-resources/providers/Microsoft.Network/networkInterfaces/ktc-nic"
            ],
            "os_disk": [
              {
                "caching": "ReadWrite",
                "diff_disk_settings": [],
                "disk_encryption_set_id": "",
                "disk_size_gb": 30,
                "id": "/subscriptions/962d6403-6d94-4df8-9a25-1a03d9103dfa/resourceGroups/ntc-resources/providers/Microsoft.Compute/disks/mtc-vm_OsDisk_1_5ac19e874a8541fd836ce722e15dc4e6",
                "name": "mtc-vm_OsDisk_1_5ac19e874a8541fd836ce722e15dc4e6",
                "secure_vm_disk_encryption_set_id": "",
                "security_encryption_type": "",
                "storage_account_type": "Standard_LRS",
                "write_accelerator_enabled": false
              }
            ],
            "os_image_notification": [],
            "patch_assessment_mode": "ImageDefault",
            "patch_mode": "ImageDefault",
            "plan": [],
            "platform_fault_domain": -1,
            "priority": "Regular",
            "private_ip_address": "10.123.1.4",
            "private_ip_addresses": [
              "10.123.1.4"
            ],
            "provision_vm_agent": true,
            "proximity_placement_group_id": "",
            "public_ip_address": "40.71.43.176",
            "public_ip_addresses": [
              "40.71.43.176"
            ],
            "reboot_setting": "",
            "resource_group_name": "ntc-resources",
            "secret": [],
            "secure_boot_enabled": false,
            "size": "Standard_A1_v2",
            "source_image_id": "",
            "source_image_reference": [
              {
                "offer": "UbuntuServer",
                "publisher": "Canonical",
                "sku": "18.04-LTS",
                "version": "latest"
              }
            ],
            "tags": null,
            "termination_notification": null,
            "timeouts": null,
            "user_data": "",
            "virtual_machine_id": "ccedc0e7-097c-48e0-b5af-5c21e3c8a623",
            "virtual_machine_scale_set_id": "",
            "vm_agent_platform_updates_enabled": false,
            "vtpm_enabled": false,
            "zone": ""
          },
          "sensitive_attributes": [
            [
              {
                "type": "get_attr",
                "value": "admin_password"
              }
            ],
            [
              {
                "type": "get_attr",
                "value": "custom_data"
              }
            ]
          ],
          "private": "eyJlMmJmYjczMC1lY2FhLTExZTYtOGY4OC0zNDM2M2JjN2M0YzAiOnsiY3JlYXRlIjoyNzAwMDAwMDAwMDAwLCJkZWxldGUiOjI3MDAwMDAwMDAwMDAsInJlYWQiOjMwMDAwMDAwMDAwMCwidXBkYXRlIjoyNzAwMDAwMDAwMDAwfX0=",
          "dependencies": [
            "azurerm_network_interface.ktc-nic",
            "azurerm_public_ip.ktc-ip",
            "azurerm_resource_group.ntc-rg",
            "azurerm_subnet.ktc-subnet",
            "azurerm_virtual_network.ktc-vm"
          ]
        }
      ]
    },
    {
      "mode": "managed",
      "type": "azurerm_network_interface",
      "name": "ktc-nic",
      "provider": "provider[\"registry.terraform.io/hashicorp/azurerm\"]",
      "instances": [
        {
          "schema_version": 0,
          "attributes": {
            "accelerated_networking_enabled": false,
            "applied_dns_servers": [],
            "auxiliary_mode": "",
            "auxiliary_sku": "",
            "dns_servers": [],
            "edge_zone": "",
            "id": "/subscriptions/962d6403-6d94-4df8-9a25-1a03d9103dfa/resourceGroups/ntc-resources/providers/Microsoft.Network/networkInterfaces/ktc-nic",
            "internal_dns_name_label": "",
            "internal_domain_name_suffix": "iqxb4pktymqetlds2h3vq4d3eb.bx.internal.cloudapp.net",
            "ip_configuration": [
              {
                "gateway_load_balancer_frontend_ip_configuration_id": "",
                "name": "internal",
                "primary": true,
                "private_ip_address": "10.123.1.4",
                "private_ip_address_allocation": "Dynamic",
                "private_ip_address_version": "IPv4",
                "public_ip_address_id": "/subscriptions/962d6403-6d94-4df8-9a25-1a03d9103dfa/resourceGroups/ntc-resources/providers/Microsoft.Network/publicIPAddresses/ktc-ip",
                "subnet_id": "/subscriptions/962d6403-6d94-4df8-9a25-1a03d9103dfa/resourceGroups/ntc-resources/providers/Microsoft.Network/virtualNetworks/ktc-network/subnets/ktc-subnet"
              }
            ],
            "ip_forwarding_enabled": false,
            "location": "eastus",
            "mac_address": "00-22-48-25-91-6D",
            "name": "ktc-nic",
            "private_ip_address": "10.123.1.4",
            "private_ip_addresses": [
              "10.123.1.4"
            ],
            "resource_group_name": "ntc-resources",
            "tags": {
              "environment": "dev"
            },
            "timeouts": null,
            "virtual_machine_id": "/subscriptions/962d6403-6d94-4df8-9a25-1a03d9103dfa/resourceGroups/ntc-resources/providers/Microsoft.Compute/virtualMachines/mtc-vm"
          },
          "sensitive_attributes": [],
          "private": "eyJlMmJmYjczMC1lY2FhLTExZTYtOGY4OC0zNDM2M2JjN2M0YzAiOnsiY3JlYXRlIjoxODAwMDAwMDAwMDAwLCJkZWxldGUiOjE4MDAwMDAwMDAwMDAsInJlYWQiOjMwMDAwMDAwMDAwMCwidXBkYXRlIjoxODAwMDAwMDAwMDAwfX0=",
          "dependencies": [
            "azurerm_public_ip.ktc-ip",
            "azurerm_resource_group.ntc-rg",
            "azurerm_subnet.ktc-subnet",
            "azurerm_virtual_network.ktc-vm"
          ]
        }
      ]
    },
    {
      "mode": "managed",
      "type": "azurerm_network_security_group",
      "name": "ktc-sg",
      "provider": "provider[\"registry.terraform.io/hashicorp/azurerm\"]",
      "instances": [
        {
          "schema_version": 0,
          "attributes": {
            "id": "/subscriptions/962d6403-6d94-4df8-9a25-1a03d9103dfa/resourceGroups/ntc-resources/providers/Microsoft.Network/networkSecurityGroups/ktc-sg",
            "location": "eastus",
            "name": "ktc-sg",
            "resource_group_name": "ntc-resources",
            "security_rule": [
              {
                "access": "Allow",
                "description": "",
                "destination_address_prefix": "*",
                "destination_address_prefixes": [],
                "destination_application_security_group_ids": [],
                "destination_port_range": "*",
                "destination_port_ranges": [],
                "direction": "Inbound",
                "name": "ktc-dev-rule",
                "priority": 100,
                "protocol": "*",
                "source_address_prefix": "192.168.0.11/32",
                "source_address_prefixes": [],
                "source_application_security_group_ids": [],
                "source_port_range": "*",
                "source_port_ranges": []
              }
            ],
            "tags": {
              "environment": "dev"
            },
            "timeouts": null
          },
          "sensitive_attributes": [],
          "private": "eyJlMmJmYjczMC1lY2FhLTExZTYtOGY4OC0zNDM2M2JjN2M0YzAiOnsiY3JlYXRlIjoxODAwMDAwMDAwMDAwLCJkZWxldGUiOjE4MDAwMDAwMDAwMDAsInJlYWQiOjMwMDAwMDAwMDAwMCwidXBkYXRlIjoxODAwMDAwMDAwMDAwfX0=",
          "dependencies": [
            "azurerm_resource_group.ntc-rg"
          ]
        }
      ]
    },
    {
      "mode": "managed",
      "type": "azurerm_network_security_rule",
      "name": "ktc-dev-rule",
      "provider": "provider[\"registry.terraform.io/hashicorp/azurerm\"]",
      "instances": [
        {
          "schema_version": 0,
          "attributes": {
            "access": "Allow",
            "description": "",
            "destination_address_prefix": "*",
            "destination_address_prefixes": [],
            "destination_application_security_group_ids": [],
            "destination_port_range": "*",
            "destination_port_ranges": [],
            "direction": "Inbound",
            "id": "/subscriptions/962d6403-6d94-4df8-9a25-1a03d9103dfa/resourceGroups/ntc-resources/providers/Microsoft.Network/networkSecurityGroups/ktc-sg/securityRules/ktc-dev-rule",
            "name": "ktc-dev-rule",
            "network_security_group_name": "ktc-sg",
            "priority": 100,
            "protocol": "*",
            "resource_group_name": "ntc-resources",
            "source_address_prefix": "192.168.0.11/32",
            "source_address_prefixes": [],
            "source_application_security_group_ids": [],
            "source_port_range": "*",
            "source_port_ranges": [],
            "timeouts": null
          },
          "sensitive_attributes": [],
          "private": "eyJlMmJmYjczMC1lY2FhLTExZTYtOGY4OC0zNDM2M2JjN2M0YzAiOnsiY3JlYXRlIjoxODAwMDAwMDAwMDAwLCJkZWxldGUiOjE4MDAwMDAwMDAwMDAsInJlYWQiOjMwMDAwMDAwMDAwMCwidXBkYXRlIjoxODAwMDAwMDAwMDAwfX0=",
          "dependencies": [
            "azurerm_network_security_group.ktc-sg",
            "azurerm_resource_group.ntc-rg"
          ]
        }
      ]
    },
    {
      "mode": "managed",
      "type": "azurerm_public_ip",
      "name": "ktc-ip",
      "provider": "provider[\"registry.terraform.io/hashicorp/azurerm\"]",
      "instances": [
        {
          "schema_version": 0,
          "attributes": {
            "allocation_method": "Static",
            "ddos_protection_mode": "VirtualNetworkInherited",
            "ddos_protection_plan_id": null,
            "domain_name_label": null,
            "domain_name_label_scope": null,
            "edge_zone": "",
            "fqdn": null,
            "id": "/subscriptions/962d6403-6d94-4df8-9a25-1a03d9103dfa/resourceGroups/ntc-resources/providers/Microsoft.Network/publicIPAddresses/ktc-ip",
            "idle_timeout_in_minutes": 4,
            "ip_address": "40.71.43.176",
            "ip_tags": {},
            "ip_version": "IPv4",
            "location": "eastus",
            "name": "ktc-ip",
            "public_ip_prefix_id": null,
            "resource_group_name": "ntc-resources",
            "reverse_fqdn": null,
            "sku": "Standard",
            "sku_tier": "Regional",
            "tags": {
              "environment": "dev"
            },
            "timeouts": null,
            "zones": []
          },
          "sensitive_attributes": [],
          "private": "eyJlMmJmYjczMC1lY2FhLTExZTYtOGY4OC0zNDM2M2JjN2M0YzAiOnsiY3JlYXRlIjoxODAwMDAwMDAwMDAwLCJkZWxldGUiOjE4MDAwMDAwMDAwMDAsInJlYWQiOjMwMDAwMDAwMDAwMCwidXBkYXRlIjoxODAwMDAwMDAwMDAwfX0=",
          "dependencies": [
            "azurerm_resource_group.ntc-rg"
          ]
        }
      ]
    },
    {
      "mode": "managed",
      "type": "azurerm_resource_group",
      "name": "ntc-rg",
      "provider": "provider[\"registry.terraform.io/hashicorp/azurerm\"]",
      "instances": [
        {
          "schema_version": 0,
          "attributes": {
            "id": "/subscriptions/962d6403-6d94-4df8-9a25-1a03d9103dfa/resourceGroups/ntc-resources",
            "location": "eastus",
            "managed_by": "",
            "name": "ntc-resources",
            "tags": {
              "environment": "dev"
            },
            "timeouts": null
          },
          "sensitive_attributes": [],
          "private": "eyJlMmJmYjczMC1lY2FhLTExZTYtOGY4OC0zNDM2M2JjN2M0YzAiOnsiY3JlYXRlIjo1NDAwMDAwMDAwMDAwLCJkZWxldGUiOjU0MDAwMDAwMDAwMDAsInJlYWQiOjMwMDAwMDAwMDAwMCwidXBkYXRlIjo1NDAwMDAwMDAwMDAwfX0="
        }
      ]
    },
    {
      "mode": "managed",
      "type": "azurerm_subnet",
      "name": "ktc-subnet",
      "provider": "provider[\"registry.terraform.io/hashicorp/azurerm\"]",
      "instances": [
        {
          "schema_version": 0,
          "attributes": {
            "address_prefixes": [
              "10.123.1.0/24"
            ],
            "default_outbound_access_enabled": true,
            "delegation": [],
            "id": "/subscriptions/962d6403-6d94-4df8-9a25-1a03d9103dfa/resourceGroups/ntc-resources/providers/Microsoft.Network/virtualNetworks/ktc-network/subnets/ktc-subnet",
            "name": "ktc-subnet",
            "private_endpoint_network_policies": "Disabled",
            "private_link_service_network_policies_enabled": true,
            "resource_group_name": "ntc-resources",
            "service_endpoint_policy_ids": [],
            "service_endpoints": [],
            "timeouts": null,
            "virtual_network_name": "ktc-network"
          },
          "sensitive_attributes": [],
          "private": "eyJlMmJmYjczMC1lY2FhLTExZTYtOGY4OC0zNDM2M2JjN2M0YzAiOnsiY3JlYXRlIjoxODAwMDAwMDAwMDAwLCJkZWxldGUiOjE4MDAwMDAwMDAwMDAsInJlYWQiOjMwMDAwMDAwMDAwMCwidXBkYXRlIjoxODAwMDAwMDAwMDAwfX0=",
          "dependencies": [
            "azurerm_resource_group.ntc-rg",
            "azurerm_virtual_network.ktc-vm"
          ]
        }
      ]
    },
    {
      "mode": "managed",
      "type": "azurerm_subnet_network_security_group_association",
      "name": "name",
      "provider": "provider[\"registry.terraform.io/hashicorp/azurerm\"]",
      "instances": [
        {
          "schema_version": 0,
          "attributes": {
            "id": "/subscriptions/962d6403-6d94-4df8-9a25-1a03d9103dfa/resourceGroups/ntc-resources/providers/Microsoft.Network/virtualNetworks/ktc-network/subnets/ktc-subnet",
            "network_security_group_id": "/subscriptions/962d6403-6d94-4df8-9a25-1a03d9103dfa/resourceGroups/ntc-resources/providers/Microsoft.Network/networkSecurityGroups/ktc-sg",
            "subnet_id": "/subscriptions/962d6403-6d94-4df8-9a25-1a03d9103dfa/resourceGroups/ntc-resources/providers/Microsoft.Network/virtualNetworks/ktc-network/subnets/ktc-subnet",
            "timeouts": null
          },
          "sensitive_attributes": [],
          "private": "eyJlMmJmYjczMC1lY2FhLTExZTYtOGY4OC0zNDM2M2JjN2M0YzAiOnsiY3JlYXRlIjoxODAwMDAwMDAwMDAwLCJkZWxldGUiOjE4MDAwMDAwMDAwMDAsInJlYWQiOjMwMDAwMDAwMDAwMH19",
          "dependencies": [
            "azurerm_network_security_group.ktc-sg",
            "azurerm_resource_group.ntc-rg",
            "azurerm_subnet.ktc-subnet",
            "azurerm_virtual_network.ktc-vm"
          ]
        }
      ]
    },
    {
      "mode": "managed",
      "type": "azurerm_virtual_network",
      "name": "ktc-vm",
      "provider": "provider[\"registry.terraform.io/hashicorp/azurerm\"]",
      "instances": [
        {
          "schema_version": 0,
          "attributes": {
            "address_space": [
              "10.123.0.0/16"
            ],
            "bgp_community": "",
            "ddos_protection_plan": [],
            "dns_servers": [],
            "edge_zone": "",
            "encryption": [],
            "flow_timeout_in_minutes": 0,
            "guid": "3d1f2e44-c353-4920-ac72-e1fb58787d21",
            "id": "/subscriptions/962d6403-6d94-4df8-9a25-1a03d9103dfa/resourceGroups/ntc-resources/providers/Microsoft.Network/virtualNetworks/ktc-network",
            "location": "eastus",
            "name": "ktc-network",
            "private_endpoint_vnet_policies": "Disabled",
            "resource_group_name": "ntc-resources",
            "subnet": [
              {
                "address_prefixes": [
                  "10.123.1.0/24"
                ],
                "default_outbound_access_enabled": true,
                "delegation": [],
                "id": "/subscriptions/962d6403-6d94-4df8-9a25-1a03d9103dfa/resourceGroups/ntc-resources/providers/Microsoft.Network/virtualNetworks/ktc-network/subnets/ktc-subnet",
                "name": "ktc-subnet",
                "private_endpoint_network_policies": "Disabled",
                "private_link_service_network_policies_enabled": true,
                "route_table_id": "",
                "security_group": "/subscriptions/962d6403-6d94-4df8-9a25-1a03d9103dfa/resourceGroups/ntc-resources/providers/Microsoft.Network/networkSecurityGroups/ktc-sg",
                "service_endpoint_policy_ids": [],
                "service_endpoints": []
              }
            ],
            "tags": {
              "environment": "dev"
            },
            "timeouts": null
          },
          "sensitive_attributes": [],
          "private": "eyJlMmJmYjczMC1lY2FhLTExZTYtOGY4OC0zNDM2M2JjN2M0YzAiOnsiY3JlYXRlIjoxODAwMDAwMDAwMDAwLCJkZWxldGUiOjE4MDAwMDAwMDAwMDAsInJlYWQiOjMwMDAwMDAwMDAwMCwidXBkYXRlIjoxODAwMDAwMDAwMDAwfX0=",
          "dependencies": [
            "azurerm_resource_group.ntc-rg"
          ]
        }
      ]
    }
  ],
  "check_results": null
}
